
Microsoft Visual Studio Solution File, Format Version 12.00
# Visual Studio Version 17
VisualStudioVersion = 17.1.32319.34
MinimumVisualStudioVersion = 10.0.40219.1
Project("{FAE04EC0-301F-11D3-BF4B-00C04F79EFBC}") = "GestordeClientesCMD", "GestordeClientesCMD\GestordeClientesCMD.csproj", "{1D8347D0-1A14-44AC-9369-4A7A29846583}"
EndProject
Global
	GlobalSection(SolutionConfigurationPlatforms) = preSolution
		Debug|Any CPU = Debug|Any CPU
		Release|Any CPU = Release|Any CPU
	EndGlobalSection
	GlobalSection(ProjectConfigurationPlatforms) = postSolution
		{1D8347D0-1A14-44AC-9369-4A7A29846583}.Debug|Any CPU.ActiveCfg = Debug|Any CPU
		{1D8347D0-1A14-44AC-9369-4A7A29846583}.Debug|Any CPU.Build.0 = Debug|Any CPU
		{1D8347D0-1A14-44AC-9369-4A7A29846583}.Release|Any CPU.ActiveCfg = Release|Any CPU
		{1D8347D0-1A14-44AC-9369-4A7A29846583}.Release|Any CPU.Build.0 = Release|Any CPU
	EndGlobalSection
	GlobalSection(SolutionProperties) = preSolution
		HideSolutionNode = FALSE
	EndGlobalSection
	GlobalSection(ExtensibilityGlobals) = postSolution
		SolutionGuid = {B2563BBE-E5D4-4589-924D-A0923F2601C3}
	EndGlobalSection
EndGlobal
